<?xml version="1.0" encoding="utf-8"?>
<Project ToolsVersion="16.0" xmlns="http://schemas.microsoft.com/developer/msbuild/2003">
  <ItemGroup>
    <ClCompile Include="..\..\..\src\apps\projsync.cpp">
      <Filter>Source Files\Bin</Filter>
    </ClCompile>
  </ItemGroup>
  <ItemGroup>
    <Filter Include="Source Files">
      <UniqueIdentifier>{334E6E27-DEAA-3614-AE2F-DB2E02F0BB80}</UniqueIdentifier>
    </Filter>
    <Filter Include="Source Files\Bin">
      <UniqueIdentifier>{69EDEE6E-AC57-3564-B142-EB1B8DA76460}</UniqueIdentifier>
    </Filter>
  </ItemGroup>
</Project>