
Microsoft Visual Studio Solution File, Format Version 12.00
# Visual Studio Version 16
Project("{8BC9CEB8-8B4A-11D0-8D11-00A0C91BC942}") = "ALL_BUILD", "ALL_BUILD.vcxproj", "{4018E759-FC47-3A93-8F61-41237D37271E}"
	ProjectSection(ProjectDependencies) = postProject
		{7C82EE0F-A2EF-3C5A-BF1B-1666960F3C9C} = {7C82EE0F-A2EF-3C5A-BF1B-1666960F3C9C}
		{6899EE61-091B-341D-AD15-330156AD487A} = {6899EE61-091B-341D-AD15-330156AD487A}
	EndProjectSection
EndProject
Project("{8BC9CEB8-8B4A-11D0-8D11-00A0C91BC942}") = "ZERO_CHECK", "ZERO_CHECK.vcxproj", "{7C82EE0F-A2EF-3C5A-BF1B-1666960F3C9C}"
	ProjectSection(ProjectDependencies) = postProject
	EndProjectSection
EndProject
Project("{8BC9CEB8-8B4A-11D0-8D11-00A0C91BC942}") = "googletest", "googletest.vcxproj", "{6899EE61-091B-341D-AD15-330156AD487A}"
	ProjectSection(ProjectDependencies) = postProject
		{7C82EE0F-A2EF-3C5A-BF1B-1666960F3C9C} = {7C82EE0F-A2EF-3C5A-BF1B-1666960F3C9C}
	EndProjectSection
EndProject
Global
	GlobalSection(SolutionConfigurationPlatforms) = preSolution
		Debug|x64 = Debug|x64
		Release|x64 = Release|x64
		MinSizeRel|x64 = MinSizeRel|x64
		RelWithDebInfo|x64 = RelWithDebInfo|x64
	EndGlobalSection
	GlobalSection(ProjectConfigurationPlatforms) = postSolution
		{4018E759-FC47-3A93-8F61-41237D37271E}.Debug|x64.ActiveCfg = Debug|x64
		{4018E759-FC47-3A93-8F61-41237D37271E}.Release|x64.ActiveCfg = Release|x64
		{4018E759-FC47-3A93-8F61-41237D37271E}.MinSizeRel|x64.ActiveCfg = MinSizeRel|x64
		{4018E759-FC47-3A93-8F61-41237D37271E}.RelWithDebInfo|x64.ActiveCfg = RelWithDebInfo|x64
		{7C82EE0F-A2EF-3C5A-BF1B-1666960F3C9C}.Debug|x64.ActiveCfg = Debug|x64
		{7C82EE0F-A2EF-3C5A-BF1B-1666960F3C9C}.Debug|x64.Build.0 = Debug|x64
		{7C82EE0F-A2EF-3C5A-BF1B-1666960F3C9C}.Release|x64.ActiveCfg = Release|x64
		{7C82EE0F-A2EF-3C5A-BF1B-1666960F3C9C}.Release|x64.Build.0 = Release|x64
		{7C82EE0F-A2EF-3C5A-BF1B-1666960F3C9C}.MinSizeRel|x64.ActiveCfg = MinSizeRel|x64
		{7C82EE0F-A2EF-3C5A-BF1B-1666960F3C9C}.MinSizeRel|x64.Build.0 = MinSizeRel|x64
		{7C82EE0F-A2EF-3C5A-BF1B-1666960F3C9C}.RelWithDebInfo|x64.ActiveCfg = RelWithDebInfo|x64
		{7C82EE0F-A2EF-3C5A-BF1B-1666960F3C9C}.RelWithDebInfo|x64.Build.0 = RelWithDebInfo|x64
		{6899EE61-091B-341D-AD15-330156AD487A}.Debug|x64.ActiveCfg = Debug|x64
		{6899EE61-091B-341D-AD15-330156AD487A}.Debug|x64.Build.0 = Debug|x64
		{6899EE61-091B-341D-AD15-330156AD487A}.Release|x64.ActiveCfg = Release|x64
		{6899EE61-091B-341D-AD15-330156AD487A}.Release|x64.Build.0 = Release|x64
		{6899EE61-091B-341D-AD15-330156AD487A}.MinSizeRel|x64.ActiveCfg = MinSizeRel|x64
		{6899EE61-091B-341D-AD15-330156AD487A}.MinSizeRel|x64.Build.0 = MinSizeRel|x64
		{6899EE61-091B-341D-AD15-330156AD487A}.RelWithDebInfo|x64.ActiveCfg = RelWithDebInfo|x64
		{6899EE61-091B-341D-AD15-330156AD487A}.RelWithDebInfo|x64.Build.0 = RelWithDebInfo|x64
	EndGlobalSection
	GlobalSection(ExtensibilityGlobals) = postSolution
		SolutionGuid = {54938696-26A6-3944-AC0F-2B233AC3BA69}
	EndGlobalSection
	GlobalSection(ExtensibilityAddIns) = postSolution
	EndGlobalSection
EndGlobal
